
Microsoft Visual Studio Solution File, Format Version 12.00
# Visual Studio Version 17
VisualStudioVersion = 17.12.35521.163
MinimumVisualStudioVersion = 10.0.40219.1
Project("{FAE04EC0-301F-11D3-BF4B-00C04F79EFBC}") = "LarpakeServer", "LarpakeServer\LarpakeServer.csproj", "{028C0A1F-5DB2-4C10-9788-35A6B7C7A91D}"
EndProject
Project("{FAE04EC0-301F-11D3-BF4B-00C04F79EFBC}") = "LarpakeServerTests", "LarpakeServerTests\LarpakeServerTests.csproj", "{BE640D15-9422-4F1F-A124-8EF6E2DD41BC}"
EndProject
Project("{FAE04EC0-301F-11D3-BF4B-00C04F79EFBC}") = "TestDataGenerator", "TestDataGenerator\TestDataGenerator.csproj", "{28F4984E-3FB9-4D1B-B460-C36E3D76100C}"
EndProject
Project("{FAE04EC0-301F-11D3-BF4B-00C04F79EFBC}") = "MigrationsService", "MigrationsService\MigrationsService.csproj", "{5458BA51-4FED-45ED-BA26-1C147B8A3F75}"
EndProject
Project("{FAE04EC0-301F-11D3-BF4B-00C04F79EFBC}") = "EntraAuthenticationService", "AuthService\EntraAuthenticationService.csproj", "{9586C475-D19B-46F7-8862-45E23AFC9F91}"
EndProject
Global
	GlobalSection(SolutionConfigurationPlatforms) = preSolution
		Debug|Any CPU = Debug|Any CPU
		Release|Any CPU = Release|Any CPU
	EndGlobalSection
	GlobalSection(ProjectConfigurationPlatforms) = postSolution
		{028C0A1F-5DB2-4C10-9788-35A6B7C7A91D}.Debug|Any CPU.ActiveCfg = Debug|Any CPU
		{028C0A1F-5DB2-4C10-9788-35A6B7C7A91D}.Debug|Any CPU.Build.0 = Debug|Any CPU
		{028C0A1F-5DB2-4C10-9788-35A6B7C7A91D}.Release|Any CPU.ActiveCfg = Release|Any CPU
		{028C0A1F-5DB2-4C10-9788-35A6B7C7A91D}.Release|Any CPU.Build.0 = Release|Any CPU
		{BE640D15-9422-4F1F-A124-8EF6E2DD41BC}.Debug|Any CPU.ActiveCfg = Debug|Any CPU
		{BE640D15-9422-4F1F-A124-8EF6E2DD41BC}.Debug|Any CPU.Build.0 = Debug|Any CPU
		{BE640D15-9422-4F1F-A124-8EF6E2DD41BC}.Release|Any CPU.ActiveCfg = Release|Any CPU
		{BE640D15-9422-4F1F-A124-8EF6E2DD41BC}.Release|Any CPU.Build.0 = Release|Any CPU
		{28F4984E-3FB9-4D1B-B460-C36E3D76100C}.Debug|Any CPU.ActiveCfg = Debug|Any CPU
		{28F4984E-3FB9-4D1B-B460-C36E3D76100C}.Debug|Any CPU.Build.0 = Debug|Any CPU
		{28F4984E-3FB9-4D1B-B460-C36E3D76100C}.Release|Any CPU.ActiveCfg = Release|Any CPU
		{28F4984E-3FB9-4D1B-B460-C36E3D76100C}.Release|Any CPU.Build.0 = Release|Any CPU
		{5458BA51-4FED-45ED-BA26-1C147B8A3F75}.Debug|Any CPU.ActiveCfg = Debug|Any CPU
		{5458BA51-4FED-45ED-BA26-1C147B8A3F75}.Debug|Any CPU.Build.0 = Debug|Any CPU
		{5458BA51-4FED-45ED-BA26-1C147B8A3F75}.Release|Any CPU.ActiveCfg = Release|Any CPU
		{5458BA51-4FED-45ED-BA26-1C147B8A3F75}.Release|Any CPU.Build.0 = Release|Any CPU
		{9586C475-D19B-46F7-8862-45E23AFC9F91}.Debug|Any CPU.ActiveCfg = Debug|Any CPU
		{9586C475-D19B-46F7-8862-45E23AFC9F91}.Debug|Any CPU.Build.0 = Debug|Any CPU
		{9586C475-D19B-46F7-8862-45E23AFC9F91}.Release|Any CPU.ActiveCfg = Release|Any CPU
		{9586C475-D19B-46F7-8862-45E23AFC9F91}.Release|Any CPU.Build.0 = Release|Any CPU
	EndGlobalSection
	GlobalSection(SolutionProperties) = preSolution
		HideSolutionNode = FALSE
	EndGlobalSection
EndGlobal
